// !$*UTF8*$!
{
	archiveVersion = 1;
	classes = {
	};
	objectVersion = 50;
	objects = {

/* Begin PBXBuildFile section */
		CD280A8B2478C12B00AD6B33 /* 轉動音效.mp3 in Resources */ = {isa = PBXBuildFile; fileRef = CD280A8A2478C12B00AD6B33 /* 轉動音效.mp3 */; };
		CDEF715C246FDC6C0037E264 /* AppDelegate.swift in Sources */ = {isa = PBXBuildFile; fileRef = CDEF715B246FDC6C0037E264 /* AppDelegate.swift */; };
		CDEF715E246FDC6C0037E264 /* SceneDelegate.swift in Sources */ = {isa = PBXBuildFile; fileRef = CDEF715D246FDC6C0037E264 /* SceneDelegate.swift */; };
		CDEF7160246FDC6C0037E264 /* ViewController.swift in Sources */ = {isa = PBXBuildFile; fileRef = CDEF715F246FDC6C0037E264 /* ViewController.swift */; };
		CDEF7163246FDC6C0037E264 /* Main.storyboard in Resources */ = {isa = PBXBuildFile; fileRef = CDEF7161246FDC6C0037E264 /* Main.storyboard */; };
		CDEF7165246FDC6E0037E264 /* Assets.xcassets in Resources */ = {isa = PBXBuildFile; fileRef = CDEF7164246FDC6E0037E264 /* Assets.xcassets */; };
		CDEF7168246FDC6E0037E264 /* LaunchScreen.storyboard in Resources */ = {isa = PBXBuildFile; fileRef = CDEF7166246FDC6E0037E264 /* LaunchScreen.storyboard */; };
/* End PBXBuildFile section */

/* Begin PBXFileReference section */
		CD280A8A2478C12B00AD6B33 /* 轉動音效.mp3 */ = {isa = PBXFileReference; lastKnownFileType = audio.mp3; path = "轉動音效.mp3"; sourceTree = "<group>"; };
		CDEF7158246FDC6C0037E264 /* diceGame.app */ = {isa = PBXFileReference; explicitFileType = wrapper.application; includeInIndex = 0; path = diceGame.app; sourceTree = BUILT_PRODUCTS_DIR; };
		CDEF715B246FDC6C0037E264 /* AppDelegate.swift */ = {isa = PBXFileReference; lastKnownFileType = sourcecode.swift; path = AppDelegate.swift; sourceTree = "<group>"; };
		CDEF715D246FDC6C0037E264 /* SceneDelegate.swift */ = {isa = PBXFileReference; lastKnownFileType = sourcecode.swift; path = SceneDelegate.swift; sourceTree = "<group>"; };
		CDEF715F246FDC6C0037E264 /* ViewController.swift */ = {isa = PBXFileReference; lastKnownFileType = sourcecode.swift; path = ViewController.swift; sourceTree = "<group>"; };
		CDEF7162246FDC6C0037E264 /* Base */ = {isa = PBXFileReference; lastKnownFileType = file.storyboard; name = Base; path = Base.lproj/Main.storyboard; sourceTree = "<group>"; };
		CDEF7164246FDC6E0037E264 /* Assets.xcassets */ = {isa = PBXFileReference; lastKnownFileType = folder.assetcatalog; path = Assets.xcassets; sourceTree = "<group>"; };
		CDEF7167246FDC6E0037E264 /* Base */ = {isa = PBXFileReference; lastKnownFileType = file.storyboard; name = Base; path = Base.lproj/LaunchScreen.storyboard; sourceTree = "<group>"; };
		CDEF7169246FDC6E0037E264 /* Info.plist */ = {isa = PBXFileReference; lastKnownFileType = text.plist.xml; path = Info.plist; sourceTree = "<group>"; };
/* End PBXFileReference section */

/* Begin PBXFrameworksBuildPhase section */
		CDEF7155246FDC6C0037E264 /* Frameworks */ = {
			isa = PBXFrameworksBuildPhase;
			buildActionMask = 2147483647;
			files = (
			);
			runOnlyForDeploymentPostprocessing = 0;
		};
/* End PBXFrameworksBuildPhase section */

/* Begin PBXGroup section */
		CDEF714F246FDC6C0037E264 = {
			isa = PBXGroup;
			children = (
				CDEF715A246FDC6C0037E264 /* diceGame */,
				CDEF7159246FDC6C0037E264 /* Products */,
			);
			sourceTree = "<group>";
		};
		CDEF7159246FDC6C0037E264 /* Products */ = {
			isa = PBXGroup;
			children = (
				CDEF7158246FDC6C0037E264 /* diceGame.app */,
			);
			name = Products;
			sourceTree = "<group>";
		};
		CDEF715A246FDC6C0037E264 /* diceGame */ = {
			isa = PBXGroup;
			children = (
				CDEF715B246FDC6C0037E264 /* AppDelegate.swift */,
				CDEF715D246FDC6C0037E264 /* SceneDelegate.swift */,
				CDEF715F246FDC6C0037E264 /* ViewController.swift */,
				CDEF7161246FDC6C0037E264 /* Main.storyboard */,
				CDEF7164246FDC6E0037E264 /* Assets.xcassets */,
				CDEF7166246FDC6E0037E264 /* LaunchScreen.storyboard */,
				CDEF7169246FDC6E0037E264 /* Info.plist */,
				CD280A8A2478C12B00AD6B33 /* 轉動音效.mp3 */,
			);
			path = diceGame;
			sourceTree = "<group>";
		};
/* End PBXGroup section */

/* Begin PBXNativeTarget section */
		CDEF7157246FDC6C0037E264 /* diceGame */ = {
			isa = PBXNativeTarget;
			buildConfigurationList = CDEF716C246FDC6E0037E264 /* Build configuration list for PBXNativeTarget "diceGame" */;
			buildPhases = (
				CDEF7154246FDC6C0037E264 /* Sources */,
				CDEF7155246FDC6C0037E264 /* Frameworks */,
				CDEF7156246FDC6C0037E264 /* Resources */,
			);
			buildRules = (
			);
			dependencies = (
			);
			name = diceGame;
			productName = diceGame;
			productReference = CDEF7158246FDC6C0037E264 /* diceGame.app */;
			productType = "com.apple.product-type.application";
		};
/* End PBXNativeTarget section */

/* Begin PBXProject section */
		CDEF7150246FDC6C0037E264 /* Project object */ = {
			isa = PBXProject;
			attributes = {
				LastSwiftUpdateCheck = 1130;
				LastUpgradeCheck = 1130;
				ORGANIZATIONNAME = zoeli;
				TargetAttributes = {
					CDEF7157246FDC6C0037E264 = {
						CreatedOnToolsVersion = 11.3;
					};
				};
			};
			buildConfigurationList = CDEF7153246FDC6C0037E264 /* Build configuration list for PBXProject "diceGame" */;
			compatibilityVersion = "Xcode 9.3";
			developmentRegion = en;
			hasScannedForEncodings = 0;
			knownRegions = (
				en,
				Base,
			);
			mainGroup = CDEF714F246FDC6C0037E264;
			productRefGroup = CDEF7159246FDC6C0037E264 /* Products */;
			projectDirPath = "";
			projectRoot = "";
			targets = (
				CDEF7157246FDC6C0037E264 /* diceGame */,
			);
		};
/* End PBXProject section */

/* Begin PBXResourcesBuildPhase section */
		CDEF7156246FDC6C0037E264 /* Resources */ = {
			isa = PBXResourcesBuildPhase;
			buildActionMask = 2147483647;
			files = (
				CDEF7168246FDC6E0037E264 /* LaunchScreen.storyboard in Resources */,
				CDEF7165246FDC6E0037E264 /* Assets.xcassets in Resources */,
				CDEF7163246FDC6C0037E264 /* Main.storyboard in Resources */,
				CD280A8B2478C12B00AD6B33 /* 轉動音效.mp3 in Resources */,
			);
			runOnlyForDeploymentPostprocessing = 0;
		};
/* End PBXResourcesBuildPhase section */

/* Begin PBXSourcesBuildPhase section */
		CDEF7154246FDC6C0037E264 /* Sources */ = {
			isa = PBXSourcesBuildPhase;
			buildActionMask = 2147483647;
			files = (
				CDEF7160246FDC6C0037E264 /* ViewController.swift in Sources */,
				CDEF715C246FDC6C0037E264 /* AppDelegate.swift in Sources */,
				CDEF715E246FDC6C0037E264 /* SceneDelegate.swift in Sources */,
			);
			runOnlyForDeploymentPostprocessing = 0;
		};
/* End PBXSourcesBuildPhase section */

/* Begin PBXVariantGroup section */
		CDEF7161246FDC6C0037E264 /* Main.storyboard */ = {
			isa = PBXVariantGroup;
			children = (
				CDEF7162246FDC6C0037E264 /* Base */,
			);
			name = Main.storyboard;
			sourceTree = "<group>";
		};
		CDEF7166246FDC6E0037E264 /* LaunchScreen.storyboard */ = {
			isa = PBXVariantGroup;
			children = (
				CDEF7167246FDC6E0037E264 /* Base */,
			);
			name = LaunchScreen.storyboard;
			sourceTree = "<group>";
		};
/* End PBXVariantGroup section */

/* Begin XCBuildConfiguration section */
		CDEF716A246FDC6E0037E264 /* Debug */ = {
			isa = XCBuildConfiguration;
			buildSettings = {
				ALWAYS_SEARCH_USER_PATHS = NO;
				CLANG_ANALYZER_NONNULL = YES;
				CLANG_ANALYZER_NUMBER_OBJECT_CONVERSION = YES_AGGRESSIVE;
				CLANG_CXX_LANGUAGE_STANDARD = "gnu++14";
				CLANG_CXX_LIBRARY = "libc++";
				CLANG_ENABLE_MODULES = YES;
				CLANG_ENABLE_OBJC_ARC = YES;
				CLANG_ENABLE_OBJC_WEAK = YES;
				CLANG_WARN_BLOCK_CAPTURE_AUTORELEASING = YES;
				CLANG_WARN_BOOL_CONVERSION = YES;
				CLANG_WARN_COMMA = YES;
				CLANG_WARN_CONSTANT_CONVERSION = YES;
				CLANG_WARN_DEPRECATED_OBJC_IMPLEMENTATIONS = YES;
				CLANG_WARN_DIRECT_OBJC_ISA_USAGE = YES_ERROR;
				CLANG_WARN_DOCUMENTATION_COMMENTS = YES;
				CLANG_WARN_EMPTY_BODY = YES;
				CLANG_WARN_ENUM_CONVERSION = YES;
				CLANG_WARN_INFINITE_RECURSION = YES;
				CLANG_WARN_INT_CONVERSION = YES;
				CLANG_WARN_NON_LITERAL_NULL_CONVERSION = YES;
				CLANG_WARN_OBJC_IMPLICIT_RETAIN_SELF = YES;
				CLANG_WARN_OBJC_LITERAL_CONVERSION = YES;
				CLANG_WARN_OBJC_ROOT_CLASS = YES_ERROR;
				CLANG_WARN_RANGE_LOOP_ANALYSIS = YES;
				CLANG_WARN_STRICT_PROTOTYPES = YES;
				CLANG_WARN_SUSPICIOUS_MOVE = YES;
				CLANG_WARN_UNGUARDED_AVAILABILITY = YES_AGGRESSIVE;
				CLANG_WARN_UNREACHABLE_CODE = YES;
				CLANG_WARN__DUPLICATE_METHOD_MATCH = YES;
				COPY_PHASE_STRIP = NO;
				DEBUG_INFORMATION_FORMAT = dwarf;
				ENABLE_STRICT_OBJC_MSGSEND = YES;
				ENABLE_TESTABILITY = YES;
				GCC_C_LANGUAGE_STANDARD = gnu11;
				GCC_DYNAMIC_NO_PIC = NO;
				GCC_NO_COMMON_BLOCKS = YES;
				GCC_OPTIMIZATION_LEVEL = 0;
				GCC_PREPROCESSOR_DEFINITIONS = (
					"DEBUG=1",
					"$(inherited)",
				);
				GCC_WARN_64_TO_32_BIT_CONVERSION = YES;
				GCC_WARN_ABOUT_RETURN_TYPE = YES_ERROR;
				GCC_WARN_UNDECLARED_SELECTOR = YES;
				GCC_WARN_UNINITIALIZED_AUTOS = YES_AGGRESSIVE;
				GCC_WARN_UNUSED_FUNCTION = YES;
				GCC_WARN_UNUSED_VARIABLE = YES;
				IPHONEOS_DEPLOYMENT_TARGET = 13.2;
				MTL_ENABLE_DEBUG_INFO = INCLUDE_SOURCE;
				MTL_FAST_MATH = YES;
				ONLY_ACTIVE_ARCH = YES;
				SDKROOT = iphoneos;
				SWIFT_ACTIVE_COMPILATION_CONDITIONS = DEBUG;
				SWIFT_OPTIMIZATION_LEVEL = "-Onone";
			};
			name = Debug;
		};
		CDEF716B246FDC6E0037E264 /* Release */ = {
			isa = XCBuildConfiguration;
			buildSettings = {
				ALWAYS_SEARCH_USER_PATHS = NO;
				CLANG_ANALYZER_NONNULL = YES;
				CLANG_ANALYZER_NUMBER_OBJECT_CONVERSION = YES_AGGRESSIVE;
				CLANG_CXX_LANGUAGE_STANDARD = "gnu++14";
				CLANG_CXX_LIBRARY = "libc++";
				CLANG_ENABLE_MODULES = YES;
				CLANG_ENABLE_OBJC_ARC = YES;
				CLANG_ENABLE_OBJC_WEAK = YES;
				CLANG_WARN_BLOCK_CAPTURE_AUTORELEASING = YES;
				CLANG_WARN_BOOL_CONVERSION = YES;
				CLANG_WARN_COMMA = YES;
				CLANG_WARN_CONSTANT_CONVERSION = YES;
				CLANG_WARN_DEPRECATED_OBJC_IMPLEMENTATIONS = YES;
				CLANG_WARN_DIRECT_OBJC_ISA_USAGE = YES_ERROR;
				CLANG_WARN_DOCUMENTATION_COMMENTS = YES;
				CLANG_WARN_EMPTY_BODY = YES;
				CLANG_WARN_ENUM_CONVERSION = YES;
				CLANG_WARN_INFINITE_RECURSION = YES;
				CLANG_WARN_INT_CONVERSION = YES;
				CLANG_WARN_NON_LITERAL_NULL_CONVERSION = YES;
				CLANG_WARN_OBJC_IMPLICIT_RETAIN_SELF = YES;
				CLANG_WARN_OBJC_LITERAL_CONVERSION = YES;
				CLANG_WARN_OBJC_ROOT_CLASS = YES_ERROR;
				CLANG_WARN_RANGE_LOOP_ANALYSIS = YES;
				CLANG_WARN_STRICT_PROTOTYPES = YES;
				CLANG_WARN_SUSPICIOUS_MOVE = YES;
				CLANG_WARN_UNGUARDED_AVAILABILITY = YES_AGGRESSIVE;
				CLANG_WARN_UNREACHABLE_CODE = YES;
				CLANG_WARN__DUPLICATE_METHOD_MATCH = YES;
				COPY_PHASE_STRIP = NO;
				DEBUG_INFORMATION_FORMAT = "dwarf-with-dsym";
				ENABLE_NS_ASSERTIONS = NO;
				ENABLE_STRICT_OBJC_MSGSEND = YES;
				GCC_C_LANGUAGE_STANDARD = gnu11;
				GCC_NO_COMMON_BLOCKS = YES;
				GCC_WARN_64_TO_32_BIT_CONVERSION = YES;
				GCC_WARN_ABOUT_RETURN_TYPE = YES_ERROR;
				GCC_WARN_UNDECLARED_SELECTOR = YES;
				GCC_WARN_UNINITIALIZED_AUTOS = YES_AGGRESSIVE;
				GCC_WARN_UNUSED_FUNCTION = YES;
				GCC_WARN_UNUSED_VARIABLE = YES;
				IPHONEOS_DEPLOYMENT_TARGET = 13.2;
				MTL_ENABLE_DEBUG_INFO = NO;
				MTL_FAST_MATH = YES;
				SDKROOT = iphoneos;
				SWIFT_COMPILATION_MODE = wholemodule;
				SWIFT_OPTIMIZATION_LEVEL = "-O";
				VALIDATE_PRODUCT = YES;
			};
			name = Release;
		};
		CDEF716D246FDC6E0037E264 /* Debug */ = {
			isa = XCBuildConfiguration;
			buildSettings = {
				ASSETCATALOG_COMPILER_APPICON_NAME = AppIcon;
				CODE_SIGN_STYLE = Automatic;
				INFOPLIST_FILE = diceGame/Info.plist;
				LD_RUNPATH_SEARCH_PATHS = (
					"$(inherited)",
					"@executable_path/Frameworks",
				);
				PRODUCT_BUNDLE_IDENTIFIER = zoeli.diceGame;
				PRODUCT_NAME = "$(TARGET_NAME)";
				SWIFT_VERSION = 5.0;
				TARGETED_DEVICE_FAMILY = "1,2";
			};
			name = Debug;
		};
		CDEF716E246FDC6E0037E264 /* Release */ = {
			isa = XCBuildConfiguration;
			buildSettings = {
				ASSETCATALOG_COMPILER_APPICON_NAME = AppIcon;
				CODE_SIGN_STYLE = Automatic;
				INFOPLIST_FILE = diceGame/Info.plist;
				LD_RUNPATH_SEARCH_PATHS = (
					"$(inherited)",
					"@executable_path/Frameworks",
				);
				PRODUCT_BUNDLE_IDENTIFIER = zoeli.diceGame;
				PRODUCT_NAME = "$(TARGET_NAME)";
				SWIFT_VERSION = 5.0;
				TARGETED_DEVICE_FAMILY = "1,2";
			};
			name = Release;
		};
/* End XCBuildConfiguration section */

/* Begin XCConfigurationList section */
		CDEF7153246FDC6C0037E264 /* Build configuration list for PBXProject "diceGame" */ = {
			isa = XCConfigurationList;
			buildConfigurations = (
				CDEF716A246FDC6E0037E264 /* Debug */,
				CDEF716B246FDC6E0037E264 /* Release */,
			);
			defaultConfigurationIsVisible = 0;
			defaultConfigurationName = Release;
		};
		CDEF716C246FDC6E0037E264 /* Build configuration list for PBXNativeTarget "diceGame" */ = {
			isa = XCConfigurationList;
			buildConfigurations = (
				CDEF716D246FDC6E0037E264 /* Debug */,
				CDEF716E246FDC6E0037E264 /* Release */,
			);
			defaultConfigurationIsVisible = 0;
			defaultConfigurationName = Release;
		};
/* End XCConfigurationList section */
	};
	rootObject = CDEF7150246FDC6C0037E264 /* Project object */;
}
